{
  "nodes": {
    "nix-dev-base": {
      "inputs": {
        "nixpkgs": [
          "nixpkgs"
        ]
      },
      "locked": {
        "lastModified": 1761632626,
        "narHash": "sha256-wSpsiF1HU9zasV1LqixCZJw7nhIGekJUCZCuxGR7LW4=",
        "owner": "r-agatsuma",
        "repo": "nix-dev-base",
        "rev": "20cf61dce346657f79170a49ff902c2dc4ce9ced",
        "type": "github"
      },
      "original": {
        "owner": "r-agatsuma",
        "repo": "nix-dev-base",
        "type": "github"
      }
    },
    "nixpkgs": {
      "locked": {
        "lastModified": 1762498405,
        "narHash": "sha256-Zg/SCgCaAioc0/SVZQJxuECGPJy+OAeBcGeA5okdYDc=",
        "owner": "Nixos",
        "repo": "nixpkgs",
        "rev": "6faeb062ee4cf4f105989d490831713cc5a43ee1",
        "type": "github"
      },
      "original": {
        "owner": "Nixos",
        "ref": "nixos-25.05",
        "repo": "nixpkgs",
        "type": "github"
      }
    },
    "root": {
      "inputs": {
        "nix-dev-base": "nix-dev-base",
        "nixpkgs": "nixpkgs"
      }
    }
  },
  "root": "root",
  "version": 7
}
